
Microsoft Visual Studio Solution File, Format Version 11.00
# Visual Studio 2010
Project("{FAE04EC0-301F-11D3-BF4B-00C04F79EFBC}") = "Rpsls", "Rpsls.csproj", "{FB491EE6-0492-44DD-BD83-CE467E87A25C}"
EndProject
Project("{2150E333-8FDC-42A3-9474-1A3956D46DE8}") = ".nuget", ".nuget", "{7B250139-8E14-4FF1-8C5B-3DC701A2EB79}"
	ProjectSection(SolutionItems) = preProject
		.nuget\NuGet.Config = .nuget\NuGet.Config
		.nuget\NuGet.exe = .nuget\NuGet.exe
		.nuget\NuGet.targets = .nuget\NuGet.targets
	EndProjectSection
EndProject
Project("{FAE04EC0-301F-11D3-BF4B-00C04F79EFBC}") = "Rpsls.Tests", "..\Rpsls.Tests\Rpsls.Tests.csproj", "{7C009745-7361-4224-B09E-6E0F36E624B7}"
EndProject
Global
	GlobalSection(SolutionConfigurationPlatforms) = preSolution
		Debug|Any CPU = Debug|Any CPU
		Release|Any CPU = Release|Any CPU
	EndGlobalSection
	GlobalSection(ProjectConfigurationPlatforms) = postSolution
		{FB491EE6-0492-44DD-BD83-CE467E87A25C}.Debug|Any CPU.ActiveCfg = Debug|Any CPU
		{FB491EE6-0492-44DD-BD83-CE467E87A25C}.Debug|Any CPU.Build.0 = Debug|Any CPU
		{FB491EE6-0492-44DD-BD83-CE467E87A25C}.Release|Any CPU.ActiveCfg = Release|Any CPU
		{FB491EE6-0492-44DD-BD83-CE467E87A25C}.Release|Any CPU.Build.0 = Release|Any CPU
		{7C009745-7361-4224-B09E-6E0F36E624B7}.Debug|Any CPU.ActiveCfg = Debug|Any CPU
		{7C009745-7361-4224-B09E-6E0F36E624B7}.Debug|Any CPU.Build.0 = Debug|Any CPU
		{7C009745-7361-4224-B09E-6E0F36E624B7}.Release|Any CPU.ActiveCfg = Release|Any CPU
		{7C009745-7361-4224-B09E-6E0F36E624B7}.Release|Any CPU.Build.0 = Release|Any CPU
	EndGlobalSection
	GlobalSection(SolutionProperties) = preSolution
		HideSolutionNode = FALSE
	EndGlobalSection
EndGlobal
